
Microsoft Visual Studio Solution File, Format Version 12.00
# Visual Studio Version 16
VisualStudioVersion = 16.0.31321.278
MinimumVisualStudioVersion = 10.0.40219.1
Project("{FAE04EC0-301F-11D3-BF4B-00C04F79EFBC}") = "demoMvc", "demoMvc\demoMvc.csproj", "{061C9A82-E91C-47A7-8F18-211B9F35D211}"
EndProject
Global
	GlobalSection(SolutionConfigurationPlatforms) = preSolution
		Debug|Any CPU = Debug|Any CPU
		Release|Any CPU = Release|Any CPU
	EndGlobalSection
	GlobalSection(ProjectConfigurationPlatforms) = postSolution
		{061C9A82-E91C-47A7-8F18-211B9F35D211}.Debug|Any CPU.ActiveCfg = Debug|Any CPU
		{061C9A82-E91C-47A7-8F18-211B9F35D211}.Debug|Any CPU.Build.0 = Debug|Any CPU
		{061C9A82-E91C-47A7-8F18-211B9F35D211}.Release|Any CPU.ActiveCfg = Release|Any CPU
		{061C9A82-E91C-47A7-8F18-211B9F35D211}.Release|Any CPU.Build.0 = Release|Any CPU
	EndGlobalSection
	GlobalSection(SolutionProperties) = preSolution
		HideSolutionNode = FALSE
	EndGlobalSection
	GlobalSection(ExtensibilityGlobals) = postSolution
		SolutionGuid = {E3994D45-BE7A-4DBF-9250-6E7E0A1E0F61}
	EndGlobalSection
EndGlobal
